
Microsoft Visual Studio Solution File, Format Version 12.00
# Visual Studio 15
VisualStudioVersion = 15.0.27130.2010
MinimumVisualStudioVersion = 10.0.40219.1
Project("{FAE04EC0-301F-11D3-BF4B-00C04F79EFBC}") = "GestionVideotheque", "GestionVideotheque\GestionVideotheque.csproj", "{61B2B2B1-5D3F-41F7-8155-484ECA3B064B}"
EndProject
Global
	GlobalSection(SolutionConfigurationPlatforms) = preSolution
		Debug|Any CPU = Debug|Any CPU
		Release|Any CPU = Release|Any CPU
	EndGlobalSection
	GlobalSection(ProjectConfigurationPlatforms) = postSolution
		{61B2B2B1-5D3F-41F7-8155-484ECA3B064B}.Debug|Any CPU.ActiveCfg = Debug|Any CPU
		{61B2B2B1-5D3F-41F7-8155-484ECA3B064B}.Debug|Any CPU.Build.0 = Debug|Any CPU
		{61B2B2B1-5D3F-41F7-8155-484ECA3B064B}.Release|Any CPU.ActiveCfg = Release|Any CPU
		{61B2B2B1-5D3F-41F7-8155-484ECA3B064B}.Release|Any CPU.Build.0 = Release|Any CPU
	EndGlobalSection
	GlobalSection(SolutionProperties) = preSolution
		HideSolutionNode = FALSE
	EndGlobalSection
	GlobalSection(ExtensibilityGlobals) = postSolution
		SolutionGuid = {9B72F9E7-09EF-45B1-8630-2E08035C9C3E}
	EndGlobalSection
EndGlobal
